{
  "name": "@hizollo/hizollo-script-modules",
  "version": "1.0.0",
  "lockfileVersion": 2,
  "requires": true,
  "packages": {
    "": {
      "name": "@hizollo/hizollo-script-modules",
      "version": "1.0.0",
      "license": "MIT",
      "dependencies": {
        "@hizollo/hzscript": "^1.2.1",
        "uglify-js": "^3.19.3"
      }
    },
    "node_modules/@hizollo/hzscript": {
      "version": "1.2.1",
      "resolved": "https://registry.npmjs.org/@hizollo/hzscript/-/hzscript-1.2.1.tgz",
      "integrity": "sha512-j+/t6awptW11vEYNWACe6zNVVGocyVNSPI+C3Ss3zo42tkEq3qWaAAejxs49ev5o0U1rqbOyB47q7qAvi5dafQ==",
      "license": "MIT",
      "dependencies": {
        "uglify-js": "^3.19.3"
      }
    },
    "node_modules/uglify-js": {
      "version": "3.19.3",
      "resolved": "https://registry.npmjs.org/uglify-js/-/uglify-js-3.19.3.tgz",
      "integrity": "sha512-v3Xu+yuwBXisp6QYTcH4UbH+xYJXqnq2m/LtQVWKWzYc1iehYnLixoQDN9FH6/j9/oybfd6W9Ghwkl8+UMKTKQ==",
      "license": "BSD-2-Clause",
      "bin": {
        "uglifyjs": "bin/uglifyjs"
      },
      "engines": {
        "node": ">=0.8.0"
      }
    }
  },
  "dependencies": {
    "@hizollo/hzscript": {
      "version": "1.2.1",
      "resolved": "https://registry.npmjs.org/@hizollo/hzscript/-/hzscript-1.2.1.tgz",
      "integrity": "sha512-j+/t6awptW11vEYNWACe6zNVVGocyVNSPI+C3Ss3zo42tkEq3qWaAAejxs49ev5o0U1rqbOyB47q7qAvi5dafQ==",
      "requires": {
        "uglify-js": "^3.19.3"
      }
    },
    "uglify-js": {
      "version": "3.19.3",
      "resolved": "https://registry.npmjs.org/uglify-js/-/uglify-js-3.19.3.tgz",
      "integrity": "sha512-v3Xu+yuwBXisp6QYTcH4UbH+xYJXqnq2m/LtQVWKWzYc1iehYnLixoQDN9FH6/j9/oybfd6W9Ghwkl8+UMKTKQ=="
    }
  }
}
